
Microsoft Visual Studio Solution File, Format Version 12.00
Project("{2150E333-8FDC-42A3-9474-1A3956D46DE8}") = "src", "src", "{FF150A4D-F330-4882-B4F0-AC003ED9018D}"
EndProject
Project("{2150E333-8FDC-42A3-9474-1A3956D46DE8}") = "Solution Items", "Solution Items", "{0457ECFE-11FF-45E7-B9F0-A640A3D002A7}"
	ProjectSection(SolutionItems) = preProject
		.gitignore = .gitignore
	EndProjectSection
EndProject
Project("{2150E333-8FDC-42A3-9474-1A3956D46DE8}") = "k8s", "k8s", "{08363347-E14A-4F5D-8DBF-E35952A5FC82}"
	ProjectSection(SolutionItems) = preProject
		k8s\deployment.yaml = k8s\deployment.yaml
		k8s\ingress.yaml = k8s\ingress.yaml
		k8s\service.yaml = k8s\service.yaml
	EndProjectSection
EndProject
Project("{FAE04EC0-301F-11D3-BF4B-00C04F79EFBC}") = "HealthService", "src\HealthService\HealthService.csproj", "{AC94CA28-4D9B-4DE9-B821-B666F5BC8869}"
EndProject
Global
	GlobalSection(SolutionConfigurationPlatforms) = preSolution
		Debug|Any CPU = Debug|Any CPU
		Release|Any CPU = Release|Any CPU
	EndGlobalSection
	GlobalSection(NestedProjects) = preSolution
		{AC94CA28-4D9B-4DE9-B821-B666F5BC8869} = {FF150A4D-F330-4882-B4F0-AC003ED9018D}
	EndGlobalSection
	GlobalSection(ProjectConfigurationPlatforms) = postSolution
		{AC94CA28-4D9B-4DE9-B821-B666F5BC8869}.Debug|Any CPU.ActiveCfg = Debug|Any CPU
		{AC94CA28-4D9B-4DE9-B821-B666F5BC8869}.Debug|Any CPU.Build.0 = Debug|Any CPU
		{AC94CA28-4D9B-4DE9-B821-B666F5BC8869}.Release|Any CPU.ActiveCfg = Release|Any CPU
		{AC94CA28-4D9B-4DE9-B821-B666F5BC8869}.Release|Any CPU.Build.0 = Release|Any CPU
	EndGlobalSection
EndGlobal
